
Microsoft Visual Studio Solution File, Format Version 12.00
# Visual Studio 14
VisualStudioVersion = 14.0.25420.1
MinimumVisualStudioVersion = 10.0.40219.1
Project("{FAE04EC0-301F-11D3-BF4B-00C04F79EFBC}") = "StockManagementSystemApp", "StockManagementSystemApp\StockManagementSystemApp.csproj", "{AB053223-51FD-4228-8C60-0D5A5FF3AF9F}"
EndProject
Global
	GlobalSection(SolutionConfigurationPlatforms) = preSolution
		Debug|Any CPU = Debug|Any CPU
		Release|Any CPU = Release|Any CPU
	EndGlobalSection
	GlobalSection(ProjectConfigurationPlatforms) = postSolution
		{AB053223-51FD-4228-8C60-0D5A5FF3AF9F}.Debug|Any CPU.ActiveCfg = Debug|Any CPU
		{AB053223-51FD-4228-8C60-0D5A5FF3AF9F}.Debug|Any CPU.Build.0 = Debug|Any CPU
		{AB053223-51FD-4228-8C60-0D5A5FF3AF9F}.Release|Any CPU.ActiveCfg = Release|Any CPU
		{AB053223-51FD-4228-8C60-0D5A5FF3AF9F}.Release|Any CPU.Build.0 = Release|Any CPU
	EndGlobalSection
	GlobalSection(SolutionProperties) = preSolution
		HideSolutionNode = FALSE
	EndGlobalSection
EndGlobal
